
Microsoft Visual Studio Solution File, Format Version 12.00
Project("{FAE04EC0-301F-11D3-BF4B-00C04F79EFBC}") = "ConsoleApp2", "ConsoleApp2.csproj", "{37B051F6-00E2-41E9-8073-4B5C24E243EB}"
EndProject
Global
	GlobalSection(SolutionConfigurationPlatforms) = preSolution
		Debug|Any CPU = Debug|Any CPU
		Release|Any CPU = Release|Any CPU
	EndGlobalSection
	GlobalSection(ProjectConfigurationPlatforms) = postSolution
		{37B051F6-00E2-41E9-8073-4B5C24E243EB}.Debug|Any CPU.ActiveCfg = Debug|Any CPU
		{37B051F6-00E2-41E9-8073-4B5C24E243EB}.Debug|Any CPU.Build.0 = Debug|Any CPU
		{37B051F6-00E2-41E9-8073-4B5C24E243EB}.Release|Any CPU.ActiveCfg = Release|Any CPU
		{37B051F6-00E2-41E9-8073-4B5C24E243EB}.Release|Any CPU.Build.0 = Release|Any CPU
	EndGlobalSection
EndGlobal
